
Microsoft Visual Studio Solution File, Format Version 12.00
# Visual Studio Version 17
VisualStudioVersion = 17.7.34024.191
MinimumVisualStudioVersion = 10.0.40219.1
Project("{FAE04EC0-301F-11D3-BF4B-00C04F79EFBC}") = "BacklinkServer", "BacklinkServer\BacklinkServer.csproj", "{6EC23B41-C911-4033-B078-E483D876A6FB}"
EndProject
Global
	GlobalSection(SolutionConfigurationPlatforms) = preSolution
		Debug|Any CPU = Debug|Any CPU
		Release|Any CPU = Release|Any CPU
	EndGlobalSection
	GlobalSection(ProjectConfigurationPlatforms) = postSolution
		{6EC23B41-C911-4033-B078-E483D876A6FB}.Debug|Any CPU.ActiveCfg = Debug|Any CPU
		{6EC23B41-C911-4033-B078-E483D876A6FB}.Debug|Any CPU.Build.0 = Debug|Any CPU
		{6EC23B41-C911-4033-B078-E483D876A6FB}.Release|Any CPU.ActiveCfg = Release|Any CPU
		{6EC23B41-C911-4033-B078-E483D876A6FB}.Release|Any CPU.Build.0 = Release|Any CPU
	EndGlobalSection
	GlobalSection(SolutionProperties) = preSolution
		HideSolutionNode = FALSE
	EndGlobalSection
	GlobalSection(ExtensibilityGlobals) = postSolution
		SolutionGuid = {21574FA3-8146-4D0A-B9A5-39F1DADA9F0E}
	EndGlobalSection
EndGlobal
